
Microsoft Visual Studio Solution File, Format Version 12.00
# Visual Studio Version 17
VisualStudioVersion = 17.9.34714.143
MinimumVisualStudioVersion = 10.0.40219.1
Project("{2150E333-8FDC-42A3-9474-1A3956D46DE8}") = "Fundamentos_DotNet", "Fundamentos_DotNet", "{2880BD78-053A-48D1-8C87-3A6178B22CAC}"
EndProject
Project("{9A19103F-16F7-4668-BE54-9A1E7A4F7556}") = "Classe", "Classe\Classe.csproj", "{60D23EA3-5E6C-4C67-911B-EB49B78E73F3}"
EndProject
Project("{9A19103F-16F7-4668-BE54-9A1E7A4F7556}") = "TiposDeDados", "TiposDeDados\TiposDeDados.csproj", "{4BD45C9E-E604-4794-94DD-61DBEE07C160}"
EndProject
Project("{9A19103F-16F7-4668-BE54-9A1E7A4F7556}") = "OperadoresAtribuicao", "OperadoresAtribuicao\OperadoresAtribuicao.csproj", "{A723873E-B49F-4D2F-8091-EAF494A412F3}"
EndProject
Project("{9A19103F-16F7-4668-BE54-9A1E7A4F7556}") = "OperadoresCondicionais", "OperadoresCondicionais\OperadoresCondicionais.csproj", "{26D974FB-A8B1-485A-8ECE-4EA3D254FB89}"
EndProject
Project("{9A19103F-16F7-4668-BE54-9A1E7A4F7556}") = "OperadoresLogicos", "OperadoresLogicos\OperadoresLogicos.csproj", "{793B8459-281F-40DA-B03C-FBAD86B2FCAD}"
EndProject
Project("{9A19103F-16F7-4668-BE54-9A1E7A4F7556}") = "OperadoresAritmeticos_ClasseMath", "OperadoresAritmeticos_ClasseMath\OperadoresAritmeticos_ClasseMath.csproj", "{8FAA805F-3C24-44B6-8CAF-32FEC7B52420}"
EndProject
Project("{9A19103F-16F7-4668-BE54-9A1E7A4F7556}") = "EstruturasDeRepeticao", "EstruturasDeRepeticao\EstruturasDeRepeticao.csproj", "{5C5F7263-A364-4F8B-8958-9E1447709525}"
EndProject
Project("{9A19103F-16F7-4668-BE54-9A1E7A4F7556}") = "MenuInterativo", "MenuInterativo\MenuInterativo.csproj", "{4483E1DA-652D-43D0-A1D5-AE2BA2B0C1BE}"
EndProject
Project("{9A19103F-16F7-4668-BE54-9A1E7A4F7556}") = "Array_Listas", "Array_Listas\Array_Listas.csproj", "{484C40D9-C89A-4AA9-9E8F-43524463A83A}"
EndProject
Project("{2150E333-8FDC-42A3-9474-1A3956D46DE8}") = "Desafio_de_Codigo_I", "Desafio_de_Codigo_I", "{84D0B5EF-30A7-4DC4-B996-480326CFBE67}"
EndProject
Project("{9A19103F-16F7-4668-BE54-9A1E7A4F7556}") = "CondicionamentoRico", "CondicionamentoRico\CondicionamentoRico.csproj", "{A54C92C7-B56A-478B-A17B-B75D82BC4E25}"
EndProject
Project("{9A19103F-16F7-4668-BE54-9A1E7A4F7556}") = "ListaDeItens", "ListaDeItens\ListaDeItens.csproj", "{64EB7078-23C4-4E87-A972-1F1D0D022497}"
EndProject
Project("{2150E333-8FDC-42A3-9474-1A3956D46DE8}") = "Projeto_Estacionamento", "Projeto_Estacionamento", "{21D28111-A8C1-468B-86B2-C4063ABEA299}"
EndProject
Project("{9A19103F-16F7-4668-BE54-9A1E7A4F7556}") = "Projeto_Estacionamento", "Projeto_Estacionamento\Projeto_Estacionamento.csproj", "{6A85AFE3-7376-4B79-B998-3D957CA971A4}"
EndProject
Project("{2150E333-8FDC-42A3-9474-1A3956D46DE8}") = "ManipulandoDados_Construtores", "ManipulandoDados_Construtores", "{D9658C1F-06E6-479A-AE0C-0F296225FCBC}"
EndProject
Project("{9A19103F-16F7-4668-BE54-9A1E7A4F7556}") = "Propriedades", "Propriedades\Propriedades.csproj", "{35587EE1-CC03-4BBF-96EC-C353C4666C54}"
EndProject
Project("{9A19103F-16F7-4668-BE54-9A1E7A4F7556}") = "Get_Set", "Get_Set\Get_Set.csproj", "{6B7F9F91-47EC-4312-928F-251B3AD67DA3}"
EndProject
Project("{9A19103F-16F7-4668-BE54-9A1E7A4F7556}") = "Metodos", "Metodos\Metodos.csproj", "{660C27E2-590C-4B31-A552-6002D430B460}"
EndProject
Project("{9A19103F-16F7-4668-BE54-9A1E7A4F7556}") = "Construtores", "Construtores\Construtores.csproj", "{87EF8E7E-2CBB-44AC-A2C9-ADD21FF485FE}"
EndProject
Project("{9A19103F-16F7-4668-BE54-9A1E7A4F7556}") = "Strings", "Strings\Strings.csproj", "{CC3019E1-522B-466F-9BCD-8FFEDDA52C4B}"
EndProject
Project("{9A19103F-16F7-4668-BE54-9A1E7A4F7556}") = "Data_Hora", "Data_Hora\Data_Hora.csproj", "{831CBB8C-9A3E-4C32-845C-3783D2424AE2}"
EndProject
Project("{9A19103F-16F7-4668-BE54-9A1E7A4F7556}") = "Excecoes", "Excecoes\Excecoes.csproj", "{58683F2B-7964-4B99-95CF-00CBDE359819}"
EndProject
Project("{9A19103F-16F7-4668-BE54-9A1E7A4F7556}") = "Filas_Pilhas_Dictionary", "Filas_Pilhas\Filas_Pilhas_Dictionary.csproj", "{A0056418-E40B-47D3-B68F-F129E8F06843}"
EndProject
Project("{9A19103F-16F7-4668-BE54-9A1E7A4F7556}") = "Tuplas", "Tuplas\Tuplas.csproj", "{CDBB5F9A-DB25-4F53-BA53-F2F43D40CD97}"
EndProject
Project("{9A19103F-16F7-4668-BE54-9A1E7A4F7556}") = "OperadorTernario", "OperadorTernario\OperadorTernario.csproj", "{1FA84321-9A76-4A3E-8A89-12135D5CF164}"
EndProject
Project("{9A19103F-16F7-4668-BE54-9A1E7A4F7556}") = "Serializacao_JSON", "Serializacao_JSON\Serializacao_JSON.csproj", "{AFCE018A-A312-4958-875B-B742B6BD1B95}"
EndProject
Project("{9A19103F-16F7-4668-BE54-9A1E7A4F7556}") = "Deserializacao_JSON", "Deserializacao_JSON\Deserializacao_JSON.csproj", "{FC29E9A8-0586-46B6-AAE2-6F85CF81A6D2}"
EndProject
Project("{2150E333-8FDC-42A3-9474-1A3956D46DE8}") = "Projeto_Hotel", "Projeto_Hotel", "{09949DE1-6732-4DE9-B13D-BE64EEA25F5B}"
EndProject
Project("{9A19103F-16F7-4668-BE54-9A1E7A4F7556}") = "Projeto_Hotel", "Projeto_Hotel\Projeto_Hotel.csproj", "{E79D7D2C-8B40-4DF4-BFED-7A1757445982}"
EndProject
Project("{2150E333-8FDC-42A3-9474-1A3956D46DE8}") = "Desafio_de_Codigo_II", "Desafio_de_Codigo_II", "{CF00749F-7828-4DA1-8456-D2A280DC5C08}"
EndProject
Project("{9A19103F-16F7-4668-BE54-9A1E7A4F7556}") = "CalculandoDano", "CalculandoDano\CalculandoDano.csproj", "{5D80F6D1-9E67-41EA-BF1F-F2089CF4A215}"
EndProject
Project("{9A19103F-16F7-4668-BE54-9A1E7A4F7556}") = "GuardiaoDosAtributos", "GuardiaoDosAtributos\GuardiaoDosAtributos.csproj", "{7FDED09D-B38E-4858-BDA8-5FC0FBCDAA5D}"
EndProject
Project("{9A19103F-16F7-4668-BE54-9A1E7A4F7556}") = "ValidandoForcaSenhaIAM", "ValidandoForcaSenhaIAM\ValidandoForcaSenhaIAM.csproj", "{355812B4-4346-4396-96BA-1141A68D6DF4}"
EndProject
Project("{2150E333-8FDC-42A3-9474-1A3956D46DE8}") = "POO", "POO", "{9991D972-6502-4F37-8FA7-1A1D3F31258F}"
EndProject
Project("{9A19103F-16F7-4668-BE54-9A1E7A4F7556}") = "Abstracao_Encapsulamento", "Abstracao_Encapsulamento\Abstracao_Encapsulamento.csproj", "{2A2D81A9-FA43-4A5F-9375-499D15B83E01}"
EndProject
Project("{9A19103F-16F7-4668-BE54-9A1E7A4F7556}") = "Heranca_Polimorfismo", "Heranca_Polimorfismo\Heranca_Polimorfismo.csproj", "{33A32034-D7EF-4BA1-B63F-93347E2FA9D4}"
EndProject
Project("{9A19103F-16F7-4668-BE54-9A1E7A4F7556}") = "ClassesAbstratas_Interfaces", "ClassesAbstratas_Interfaces\ClassesAbstratas_Interfaces.csproj", "{1CAA6C04-9D17-44E7-AE6C-8A5762E1F88D}"
EndProject
Project("{2150E333-8FDC-42A3-9474-1A3956D46DE8}") = "Projeto_Celular", "Projeto_Celular", "{1DCD629B-EF71-4963-8E14-6B18D1AD90EA}"
EndProject
Project("{9A19103F-16F7-4668-BE54-9A1E7A4F7556}") = "Projeto_Celular", "Projeto_Celular\Projeto_Celular.csproj", "{76ED6D51-2923-4EA3-BAB5-D8D94BBFB836}"
EndProject
Project("{2150E333-8FDC-42A3-9474-1A3956D46DE8}") = "Desafio_de_Codigo_III", "Desafio_de_Codigo_III", "{AAF4DE21-D89D-4421-BD84-A79FA40A443F}"
EndProject
Project("{9A19103F-16F7-4668-BE54-9A1E7A4F7556}") = "ItemMagico", "ItemMagico\ItemMagico.csproj", "{7C246714-AC38-41A2-AB1F-229B399ECA49}"
EndProject
Project("{9A19103F-16F7-4668-BE54-9A1E7A4F7556}") = "ExercitoDeRobos", "ExercitoDeRobos\ExercitoDeRobos.csproj", "{09CB2581-2C7B-41EC-876C-3C6C1E7A6A16}"
EndProject
Project("{9A19103F-16F7-4668-BE54-9A1E7A4F7556}") = "DescubraCarta", "DescubraCarta\DescubraCarta.csproj", "{387E97B7-773C-4142-8C49-DB69B7412C06}"
EndProject
Project("{2150E333-8FDC-42A3-9474-1A3956D46DE8}") = "APIs_Banco_de_Dados", "APIs_Banco_de_Dados", "{C6454EA5-18F4-4B8A-9A77-6E322CFF8741}"
EndProject
Project("{2150E333-8FDC-42A3-9474-1A3956D46DE8}") = "Tabelas_TiposDados", "Tabelas_TiposDados", "{BA2B6706-9128-4282-A690-3677372E0B4C}"
	ProjectSection(SolutionItems) = preProject
		Tabelas_TiposDados.txt = Tabelas_TiposDados.txt
	EndProjectSection
EndProject
Project("{2150E333-8FDC-42A3-9474-1A3956D46DE8}") = "Manipulando_Dados", "Manipulando_Dados", "{3CA72BA6-BE05-43C2-A6D6-EF5EBFCF16F5}"
	ProjectSection(SolutionItems) = preProject
		ManipulandoDados.txt = ManipulandoDados.txt
	EndProjectSection
EndProject
Project("{2150E333-8FDC-42A3-9474-1A3956D46DE8}") = "Projeto_Banco_De_Dados", "Projeto_Banco_De_Dados", "{A3A6E61B-9D2C-473E-9CFF-C346836416C1}"
	ProjectSection(SolutionItems) = preProject
		Criacao_Projeto.sql = Criacao_Projeto.sql
		Projeto_Banco_de_Dados.sql = Projeto_Banco_de_Dados.sql
	EndProjectSection
EndProject
Project("{FAE04EC0-301F-11D3-BF4B-00C04F79EFBC}") = "MinhaAPI", "MinhaAPI\MinhaAPI.csproj", "{BE662458-463E-4D34-A7EF-637BC4118ED3}"
EndProject
Global
	GlobalSection(SolutionConfigurationPlatforms) = preSolution
		Debug|Any CPU = Debug|Any CPU
		Release|Any CPU = Release|Any CPU
	EndGlobalSection
	GlobalSection(ProjectConfigurationPlatforms) = postSolution
		{60D23EA3-5E6C-4C67-911B-EB49B78E73F3}.Debug|Any CPU.ActiveCfg = Debug|Any CPU
		{60D23EA3-5E6C-4C67-911B-EB49B78E73F3}.Debug|Any CPU.Build.0 = Debug|Any CPU
		{60D23EA3-5E6C-4C67-911B-EB49B78E73F3}.Release|Any CPU.ActiveCfg = Release|Any CPU
		{60D23EA3-5E6C-4C67-911B-EB49B78E73F3}.Release|Any CPU.Build.0 = Release|Any CPU
		{4BD45C9E-E604-4794-94DD-61DBEE07C160}.Debug|Any CPU.ActiveCfg = Debug|Any CPU
		{4BD45C9E-E604-4794-94DD-61DBEE07C160}.Debug|Any CPU.Build.0 = Debug|Any CPU
		{4BD45C9E-E604-4794-94DD-61DBEE07C160}.Release|Any CPU.ActiveCfg = Release|Any CPU
		{4BD45C9E-E604-4794-94DD-61DBEE07C160}.Release|Any CPU.Build.0 = Release|Any CPU
		{A723873E-B49F-4D2F-8091-EAF494A412F3}.Debug|Any CPU.ActiveCfg = Debug|Any CPU
		{A723873E-B49F-4D2F-8091-EAF494A412F3}.Debug|Any CPU.Build.0 = Debug|Any CPU
		{A723873E-B49F-4D2F-8091-EAF494A412F3}.Release|Any CPU.ActiveCfg = Release|Any CPU
		{A723873E-B49F-4D2F-8091-EAF494A412F3}.Release|Any CPU.Build.0 = Release|Any CPU
		{26D974FB-A8B1-485A-8ECE-4EA3D254FB89}.Debug|Any CPU.ActiveCfg = Debug|Any CPU
		{26D974FB-A8B1-485A-8ECE-4EA3D254FB89}.Debug|Any CPU.Build.0 = Debug|Any CPU
		{26D974FB-A8B1-485A-8ECE-4EA3D254FB89}.Release|Any CPU.ActiveCfg = Release|Any CPU
		{26D974FB-A8B1-485A-8ECE-4EA3D254FB89}.Release|Any CPU.Build.0 = Release|Any CPU
		{793B8459-281F-40DA-B03C-FBAD86B2FCAD}.Debug|Any CPU.ActiveCfg = Debug|Any CPU
		{793B8459-281F-40DA-B03C-FBAD86B2FCAD}.Debug|Any CPU.Build.0 = Debug|Any CPU
		{793B8459-281F-40DA-B03C-FBAD86B2FCAD}.Release|Any CPU.ActiveCfg = Release|Any CPU
		{793B8459-281F-40DA-B03C-FBAD86B2FCAD}.Release|Any CPU.Build.0 = Release|Any CPU
		{8FAA805F-3C24-44B6-8CAF-32FEC7B52420}.Debug|Any CPU.ActiveCfg = Debug|Any CPU
		{8FAA805F-3C24-44B6-8CAF-32FEC7B52420}.Debug|Any CPU.Build.0 = Debug|Any CPU
		{8FAA805F-3C24-44B6-8CAF-32FEC7B52420}.Release|Any CPU.ActiveCfg = Release|Any CPU
		{8FAA805F-3C24-44B6-8CAF-32FEC7B52420}.Release|Any CPU.Build.0 = Release|Any CPU
		{5C5F7263-A364-4F8B-8958-9E1447709525}.Debug|Any CPU.ActiveCfg = Debug|Any CPU
		{5C5F7263-A364-4F8B-8958-9E1447709525}.Debug|Any CPU.Build.0 = Debug|Any CPU
		{5C5F7263-A364-4F8B-8958-9E1447709525}.Release|Any CPU.ActiveCfg = Release|Any CPU
		{5C5F7263-A364-4F8B-8958-9E1447709525}.Release|Any CPU.Build.0 = Release|Any CPU
		{4483E1DA-652D-43D0-A1D5-AE2BA2B0C1BE}.Debug|Any CPU.ActiveCfg = Debug|Any CPU
		{4483E1DA-652D-43D0-A1D5-AE2BA2B0C1BE}.Debug|Any CPU.Build.0 = Debug|Any CPU
		{4483E1DA-652D-43D0-A1D5-AE2BA2B0C1BE}.Release|Any CPU.ActiveCfg = Release|Any CPU
		{4483E1DA-652D-43D0-A1D5-AE2BA2B0C1BE}.Release|Any CPU.Build.0 = Release|Any CPU
		{484C40D9-C89A-4AA9-9E8F-43524463A83A}.Debug|Any CPU.ActiveCfg = Debug|Any CPU
		{484C40D9-C89A-4AA9-9E8F-43524463A83A}.Debug|Any CPU.Build.0 = Debug|Any CPU
		{484C40D9-C89A-4AA9-9E8F-43524463A83A}.Release|Any CPU.ActiveCfg = Release|Any CPU
		{484C40D9-C89A-4AA9-9E8F-43524463A83A}.Release|Any CPU.Build.0 = Release|Any CPU
		{A54C92C7-B56A-478B-A17B-B75D82BC4E25}.Debug|Any CPU.ActiveCfg = Debug|Any CPU
		{A54C92C7-B56A-478B-A17B-B75D82BC4E25}.Debug|Any CPU.Build.0 = Debug|Any CPU
		{A54C92C7-B56A-478B-A17B-B75D82BC4E25}.Release|Any CPU.ActiveCfg = Release|Any CPU
		{A54C92C7-B56A-478B-A17B-B75D82BC4E25}.Release|Any CPU.Build.0 = Release|Any CPU
		{64EB7078-23C4-4E87-A972-1F1D0D022497}.Debug|Any CPU.ActiveCfg = Debug|Any CPU
		{64EB7078-23C4-4E87-A972-1F1D0D022497}.Debug|Any CPU.Build.0 = Debug|Any CPU
		{64EB7078-23C4-4E87-A972-1F1D0D022497}.Release|Any CPU.ActiveCfg = Release|Any CPU
		{64EB7078-23C4-4E87-A972-1F1D0D022497}.Release|Any CPU.Build.0 = Release|Any CPU
		{6A85AFE3-7376-4B79-B998-3D957CA971A4}.Debug|Any CPU.ActiveCfg = Debug|Any CPU
		{6A85AFE3-7376-4B79-B998-3D957CA971A4}.Debug|Any CPU.Build.0 = Debug|Any CPU
		{6A85AFE3-7376-4B79-B998-3D957CA971A4}.Release|Any CPU.ActiveCfg = Release|Any CPU
		{6A85AFE3-7376-4B79-B998-3D957CA971A4}.Release|Any CPU.Build.0 = Release|Any CPU
		{35587EE1-CC03-4BBF-96EC-C353C4666C54}.Debug|Any CPU.ActiveCfg = Debug|Any CPU
		{35587EE1-CC03-4BBF-96EC-C353C4666C54}.Debug|Any CPU.Build.0 = Debug|Any CPU
		{35587EE1-CC03-4BBF-96EC-C353C4666C54}.Release|Any CPU.ActiveCfg = Release|Any CPU
		{35587EE1-CC03-4BBF-96EC-C353C4666C54}.Release|Any CPU.Build.0 = Release|Any CPU
		{6B7F9F91-47EC-4312-928F-251B3AD67DA3}.Debug|Any CPU.ActiveCfg = Debug|Any CPU
		{6B7F9F91-47EC-4312-928F-251B3AD67DA3}.Debug|Any CPU.Build.0 = Debug|Any CPU
		{6B7F9F91-47EC-4312-928F-251B3AD67DA3}.Release|Any CPU.ActiveCfg = Release|Any CPU
		{6B7F9F91-47EC-4312-928F-251B3AD67DA3}.Release|Any CPU.Build.0 = Release|Any CPU
		{660C27E2-590C-4B31-A552-6002D430B460}.Debug|Any CPU.ActiveCfg = Debug|Any CPU
		{660C27E2-590C-4B31-A552-6002D430B460}.Debug|Any CPU.Build.0 = Debug|Any CPU
		{660C27E2-590C-4B31-A552-6002D430B460}.Release|Any CPU.ActiveCfg = Release|Any CPU
		{660C27E2-590C-4B31-A552-6002D430B460}.Release|Any CPU.Build.0 = Release|Any CPU
		{87EF8E7E-2CBB-44AC-A2C9-ADD21FF485FE}.Debug|Any CPU.ActiveCfg = Debug|Any CPU
		{87EF8E7E-2CBB-44AC-A2C9-ADD21FF485FE}.Debug|Any CPU.Build.0 = Debug|Any CPU
		{87EF8E7E-2CBB-44AC-A2C9-ADD21FF485FE}.Release|Any CPU.ActiveCfg = Release|Any CPU
		{87EF8E7E-2CBB-44AC-A2C9-ADD21FF485FE}.Release|Any CPU.Build.0 = Release|Any CPU
		{CC3019E1-522B-466F-9BCD-8FFEDDA52C4B}.Debug|Any CPU.ActiveCfg = Debug|Any CPU
		{CC3019E1-522B-466F-9BCD-8FFEDDA52C4B}.Debug|Any CPU.Build.0 = Debug|Any CPU
		{CC3019E1-522B-466F-9BCD-8FFEDDA52C4B}.Release|Any CPU.ActiveCfg = Release|Any CPU
		{CC3019E1-522B-466F-9BCD-8FFEDDA52C4B}.Release|Any CPU.Build.0 = Release|Any CPU
		{831CBB8C-9A3E-4C32-845C-3783D2424AE2}.Debug|Any CPU.ActiveCfg = Debug|Any CPU
		{831CBB8C-9A3E-4C32-845C-3783D2424AE2}.Debug|Any CPU.Build.0 = Debug|Any CPU
		{831CBB8C-9A3E-4C32-845C-3783D2424AE2}.Release|Any CPU.ActiveCfg = Release|Any CPU
		{831CBB8C-9A3E-4C32-845C-3783D2424AE2}.Release|Any CPU.Build.0 = Release|Any CPU
		{58683F2B-7964-4B99-95CF-00CBDE359819}.Debug|Any CPU.ActiveCfg = Debug|Any CPU
		{58683F2B-7964-4B99-95CF-00CBDE359819}.Debug|Any CPU.Build.0 = Debug|Any CPU
		{58683F2B-7964-4B99-95CF-00CBDE359819}.Release|Any CPU.ActiveCfg = Release|Any CPU
		{58683F2B-7964-4B99-95CF-00CBDE359819}.Release|Any CPU.Build.0 = Release|Any CPU
		{A0056418-E40B-47D3-B68F-F129E8F06843}.Debug|Any CPU.ActiveCfg = Debug|Any CPU
		{A0056418-E40B-47D3-B68F-F129E8F06843}.Debug|Any CPU.Build.0 = Debug|Any CPU
		{A0056418-E40B-47D3-B68F-F129E8F06843}.Release|Any CPU.ActiveCfg = Release|Any CPU
		{A0056418-E40B-47D3-B68F-F129E8F06843}.Release|Any CPU.Build.0 = Release|Any CPU
		{CDBB5F9A-DB25-4F53-BA53-F2F43D40CD97}.Debug|Any CPU.ActiveCfg = Debug|Any CPU
		{CDBB5F9A-DB25-4F53-BA53-F2F43D40CD97}.Debug|Any CPU.Build.0 = Debug|Any CPU
		{CDBB5F9A-DB25-4F53-BA53-F2F43D40CD97}.Release|Any CPU.ActiveCfg = Release|Any CPU
		{CDBB5F9A-DB25-4F53-BA53-F2F43D40CD97}.Release|Any CPU.Build.0 = Release|Any CPU
		{1FA84321-9A76-4A3E-8A89-12135D5CF164}.Debug|Any CPU.ActiveCfg = Debug|Any CPU
		{1FA84321-9A76-4A3E-8A89-12135D5CF164}.Debug|Any CPU.Build.0 = Debug|Any CPU
		{1FA84321-9A76-4A3E-8A89-12135D5CF164}.Release|Any CPU.ActiveCfg = Release|Any CPU
		{1FA84321-9A76-4A3E-8A89-12135D5CF164}.Release|Any CPU.Build.0 = Release|Any CPU
		{AFCE018A-A312-4958-875B-B742B6BD1B95}.Debug|Any CPU.ActiveCfg = Debug|Any CPU
		{AFCE018A-A312-4958-875B-B742B6BD1B95}.Debug|Any CPU.Build.0 = Debug|Any CPU
		{AFCE018A-A312-4958-875B-B742B6BD1B95}.Release|Any CPU.ActiveCfg = Release|Any CPU
		{AFCE018A-A312-4958-875B-B742B6BD1B95}.Release|Any CPU.Build.0 = Release|Any CPU
		{FC29E9A8-0586-46B6-AAE2-6F85CF81A6D2}.Debug|Any CPU.ActiveCfg = Debug|Any CPU
		{FC29E9A8-0586-46B6-AAE2-6F85CF81A6D2}.Debug|Any CPU.Build.0 = Debug|Any CPU
		{FC29E9A8-0586-46B6-AAE2-6F85CF81A6D2}.Release|Any CPU.ActiveCfg = Release|Any CPU
		{FC29E9A8-0586-46B6-AAE2-6F85CF81A6D2}.Release|Any CPU.Build.0 = Release|Any CPU
		{E79D7D2C-8B40-4DF4-BFED-7A1757445982}.Debug|Any CPU.ActiveCfg = Debug|Any CPU
		{E79D7D2C-8B40-4DF4-BFED-7A1757445982}.Debug|Any CPU.Build.0 = Debug|Any CPU
		{E79D7D2C-8B40-4DF4-BFED-7A1757445982}.Release|Any CPU.ActiveCfg = Release|Any CPU
		{E79D7D2C-8B40-4DF4-BFED-7A1757445982}.Release|Any CPU.Build.0 = Release|Any CPU
		{5D80F6D1-9E67-41EA-BF1F-F2089CF4A215}.Debug|Any CPU.ActiveCfg = Debug|Any CPU
		{5D80F6D1-9E67-41EA-BF1F-F2089CF4A215}.Debug|Any CPU.Build.0 = Debug|Any CPU
		{5D80F6D1-9E67-41EA-BF1F-F2089CF4A215}.Release|Any CPU.ActiveCfg = Release|Any CPU
		{5D80F6D1-9E67-41EA-BF1F-F2089CF4A215}.Release|Any CPU.Build.0 = Release|Any CPU
		{7FDED09D-B38E-4858-BDA8-5FC0FBCDAA5D}.Debug|Any CPU.ActiveCfg = Debug|Any CPU
		{7FDED09D-B38E-4858-BDA8-5FC0FBCDAA5D}.Debug|Any CPU.Build.0 = Debug|Any CPU
		{7FDED09D-B38E-4858-BDA8-5FC0FBCDAA5D}.Release|Any CPU.ActiveCfg = Release|Any CPU
		{7FDED09D-B38E-4858-BDA8-5FC0FBCDAA5D}.Release|Any CPU.Build.0 = Release|Any CPU
		{355812B4-4346-4396-96BA-1141A68D6DF4}.Debug|Any CPU.ActiveCfg = Debug|Any CPU
		{355812B4-4346-4396-96BA-1141A68D6DF4}.Debug|Any CPU.Build.0 = Debug|Any CPU
		{355812B4-4346-4396-96BA-1141A68D6DF4}.Release|Any CPU.ActiveCfg = Release|Any CPU
		{355812B4-4346-4396-96BA-1141A68D6DF4}.Release|Any CPU.Build.0 = Release|Any CPU
		{2A2D81A9-FA43-4A5F-9375-499D15B83E01}.Debug|Any CPU.ActiveCfg = Debug|Any CPU
		{2A2D81A9-FA43-4A5F-9375-499D15B83E01}.Debug|Any CPU.Build.0 = Debug|Any CPU
		{2A2D81A9-FA43-4A5F-9375-499D15B83E01}.Release|Any CPU.ActiveCfg = Release|Any CPU
		{2A2D81A9-FA43-4A5F-9375-499D15B83E01}.Release|Any CPU.Build.0 = Release|Any CPU
		{33A32034-D7EF-4BA1-B63F-93347E2FA9D4}.Debug|Any CPU.ActiveCfg = Debug|Any CPU
		{33A32034-D7EF-4BA1-B63F-93347E2FA9D4}.Debug|Any CPU.Build.0 = Debug|Any CPU
		{33A32034-D7EF-4BA1-B63F-93347E2FA9D4}.Release|Any CPU.ActiveCfg = Release|Any CPU
		{33A32034-D7EF-4BA1-B63F-93347E2FA9D4}.Release|Any CPU.Build.0 = Release|Any CPU
		{1CAA6C04-9D17-44E7-AE6C-8A5762E1F88D}.Debug|Any CPU.ActiveCfg = Debug|Any CPU
		{1CAA6C04-9D17-44E7-AE6C-8A5762E1F88D}.Debug|Any CPU.Build.0 = Debug|Any CPU
		{1CAA6C04-9D17-44E7-AE6C-8A5762E1F88D}.Release|Any CPU.ActiveCfg = Release|Any CPU
		{1CAA6C04-9D17-44E7-AE6C-8A5762E1F88D}.Release|Any CPU.Build.0 = Release|Any CPU
		{76ED6D51-2923-4EA3-BAB5-D8D94BBFB836}.Debug|Any CPU.ActiveCfg = Debug|Any CPU
		{76ED6D51-2923-4EA3-BAB5-D8D94BBFB836}.Debug|Any CPU.Build.0 = Debug|Any CPU
		{76ED6D51-2923-4EA3-BAB5-D8D94BBFB836}.Release|Any CPU.ActiveCfg = Release|Any CPU
		{76ED6D51-2923-4EA3-BAB5-D8D94BBFB836}.Release|Any CPU.Build.0 = Release|Any CPU
		{7C246714-AC38-41A2-AB1F-229B399ECA49}.Debug|Any CPU.ActiveCfg = Debug|Any CPU
		{7C246714-AC38-41A2-AB1F-229B399ECA49}.Debug|Any CPU.Build.0 = Debug|Any CPU
		{7C246714-AC38-41A2-AB1F-229B399ECA49}.Release|Any CPU.ActiveCfg = Release|Any CPU
		{7C246714-AC38-41A2-AB1F-229B399ECA49}.Release|Any CPU.Build.0 = Release|Any CPU
		{09CB2581-2C7B-41EC-876C-3C6C1E7A6A16}.Debug|Any CPU.ActiveCfg = Debug|Any CPU
		{09CB2581-2C7B-41EC-876C-3C6C1E7A6A16}.Debug|Any CPU.Build.0 = Debug|Any CPU
		{09CB2581-2C7B-41EC-876C-3C6C1E7A6A16}.Release|Any CPU.ActiveCfg = Release|Any CPU
		{09CB2581-2C7B-41EC-876C-3C6C1E7A6A16}.Release|Any CPU.Build.0 = Release|Any CPU
		{387E97B7-773C-4142-8C49-DB69B7412C06}.Debug|Any CPU.ActiveCfg = Debug|Any CPU
		{387E97B7-773C-4142-8C49-DB69B7412C06}.Debug|Any CPU.Build.0 = Debug|Any CPU
		{387E97B7-773C-4142-8C49-DB69B7412C06}.Release|Any CPU.ActiveCfg = Release|Any CPU
		{387E97B7-773C-4142-8C49-DB69B7412C06}.Release|Any CPU.Build.0 = Release|Any CPU
		{BE662458-463E-4D34-A7EF-637BC4118ED3}.Debug|Any CPU.ActiveCfg = Debug|Any CPU
		{BE662458-463E-4D34-A7EF-637BC4118ED3}.Debug|Any CPU.Build.0 = Debug|Any CPU
		{BE662458-463E-4D34-A7EF-637BC4118ED3}.Release|Any CPU.ActiveCfg = Release|Any CPU
		{BE662458-463E-4D34-A7EF-637BC4118ED3}.Release|Any CPU.Build.0 = Release|Any CPU
	EndGlobalSection
	GlobalSection(SolutionProperties) = preSolution
		HideSolutionNode = FALSE
	EndGlobalSection
	GlobalSection(NestedProjects) = preSolution
		{60D23EA3-5E6C-4C67-911B-EB49B78E73F3} = {2880BD78-053A-48D1-8C87-3A6178B22CAC}
		{4BD45C9E-E604-4794-94DD-61DBEE07C160} = {2880BD78-053A-48D1-8C87-3A6178B22CAC}
		{A723873E-B49F-4D2F-8091-EAF494A412F3} = {2880BD78-053A-48D1-8C87-3A6178B22CAC}
		{26D974FB-A8B1-485A-8ECE-4EA3D254FB89} = {2880BD78-053A-48D1-8C87-3A6178B22CAC}
		{793B8459-281F-40DA-B03C-FBAD86B2FCAD} = {2880BD78-053A-48D1-8C87-3A6178B22CAC}
		{8FAA805F-3C24-44B6-8CAF-32FEC7B52420} = {2880BD78-053A-48D1-8C87-3A6178B22CAC}
		{5C5F7263-A364-4F8B-8958-9E1447709525} = {2880BD78-053A-48D1-8C87-3A6178B22CAC}
		{4483E1DA-652D-43D0-A1D5-AE2BA2B0C1BE} = {2880BD78-053A-48D1-8C87-3A6178B22CAC}
		{484C40D9-C89A-4AA9-9E8F-43524463A83A} = {2880BD78-053A-48D1-8C87-3A6178B22CAC}
		{A54C92C7-B56A-478B-A17B-B75D82BC4E25} = {84D0B5EF-30A7-4DC4-B996-480326CFBE67}
		{64EB7078-23C4-4E87-A972-1F1D0D022497} = {84D0B5EF-30A7-4DC4-B996-480326CFBE67}
		{6A85AFE3-7376-4B79-B998-3D957CA971A4} = {21D28111-A8C1-468B-86B2-C4063ABEA299}
		{35587EE1-CC03-4BBF-96EC-C353C4666C54} = {D9658C1F-06E6-479A-AE0C-0F296225FCBC}
		{6B7F9F91-47EC-4312-928F-251B3AD67DA3} = {D9658C1F-06E6-479A-AE0C-0F296225FCBC}
		{660C27E2-590C-4B31-A552-6002D430B460} = {D9658C1F-06E6-479A-AE0C-0F296225FCBC}
		{87EF8E7E-2CBB-44AC-A2C9-ADD21FF485FE} = {D9658C1F-06E6-479A-AE0C-0F296225FCBC}
		{CC3019E1-522B-466F-9BCD-8FFEDDA52C4B} = {D9658C1F-06E6-479A-AE0C-0F296225FCBC}
		{831CBB8C-9A3E-4C32-845C-3783D2424AE2} = {D9658C1F-06E6-479A-AE0C-0F296225FCBC}
		{58683F2B-7964-4B99-95CF-00CBDE359819} = {D9658C1F-06E6-479A-AE0C-0F296225FCBC}
		{A0056418-E40B-47D3-B68F-F129E8F06843} = {D9658C1F-06E6-479A-AE0C-0F296225FCBC}
		{CDBB5F9A-DB25-4F53-BA53-F2F43D40CD97} = {D9658C1F-06E6-479A-AE0C-0F296225FCBC}
		{1FA84321-9A76-4A3E-8A89-12135D5CF164} = {D9658C1F-06E6-479A-AE0C-0F296225FCBC}
		{AFCE018A-A312-4958-875B-B742B6BD1B95} = {D9658C1F-06E6-479A-AE0C-0F296225FCBC}
		{FC29E9A8-0586-46B6-AAE2-6F85CF81A6D2} = {D9658C1F-06E6-479A-AE0C-0F296225FCBC}
		{E79D7D2C-8B40-4DF4-BFED-7A1757445982} = {09949DE1-6732-4DE9-B13D-BE64EEA25F5B}
		{5D80F6D1-9E67-41EA-BF1F-F2089CF4A215} = {CF00749F-7828-4DA1-8456-D2A280DC5C08}
		{7FDED09D-B38E-4858-BDA8-5FC0FBCDAA5D} = {CF00749F-7828-4DA1-8456-D2A280DC5C08}
		{355812B4-4346-4396-96BA-1141A68D6DF4} = {CF00749F-7828-4DA1-8456-D2A280DC5C08}
		{2A2D81A9-FA43-4A5F-9375-499D15B83E01} = {9991D972-6502-4F37-8FA7-1A1D3F31258F}
		{33A32034-D7EF-4BA1-B63F-93347E2FA9D4} = {9991D972-6502-4F37-8FA7-1A1D3F31258F}
		{1CAA6C04-9D17-44E7-AE6C-8A5762E1F88D} = {9991D972-6502-4F37-8FA7-1A1D3F31258F}
		{76ED6D51-2923-4EA3-BAB5-D8D94BBFB836} = {1DCD629B-EF71-4963-8E14-6B18D1AD90EA}
		{7C246714-AC38-41A2-AB1F-229B399ECA49} = {AAF4DE21-D89D-4421-BD84-A79FA40A443F}
		{09CB2581-2C7B-41EC-876C-3C6C1E7A6A16} = {AAF4DE21-D89D-4421-BD84-A79FA40A443F}
		{387E97B7-773C-4142-8C49-DB69B7412C06} = {AAF4DE21-D89D-4421-BD84-A79FA40A443F}
		{BA2B6706-9128-4282-A690-3677372E0B4C} = {C6454EA5-18F4-4B8A-9A77-6E322CFF8741}
		{3CA72BA6-BE05-43C2-A6D6-EF5EBFCF16F5} = {C6454EA5-18F4-4B8A-9A77-6E322CFF8741}
		{BE662458-463E-4D34-A7EF-637BC4118ED3} = {C6454EA5-18F4-4B8A-9A77-6E322CFF8741}
	EndGlobalSection
	GlobalSection(ExtensibilityGlobals) = postSolution
		SolutionGuid = {51E2F15E-58D3-4BCD-ADBD-A62D3FA6AFD8}
	EndGlobalSection
EndGlobal
