
Microsoft Visual Studio Solution File, Format Version 12.00
# Visual Studio Version 17
VisualStudioVersion = 17.9.34714.143
MinimumVisualStudioVersion = 10.0.40219.1
Project("{2150E333-8FDC-42A3-9474-1A3956D46DE8}") = "Fundamentos_DotNet", "Fundamentos_DotNet", "{2880BD78-053A-48D1-8C87-3A6178B22CAC}"
EndProject
Project("{9A19103F-16F7-4668-BE54-9A1E7A4F7556}") = "Classe", "Classe\Classe.csproj", "{60D23EA3-5E6C-4C67-911B-EB49B78E73F3}"
EndProject
Project("{9A19103F-16F7-4668-BE54-9A1E7A4F7556}") = "TiposDeDados", "TiposDeDados\TiposDeDados.csproj", "{4BD45C9E-E604-4794-94DD-61DBEE07C160}"
EndProject
Project("{9A19103F-16F7-4668-BE54-9A1E7A4F7556}") = "OperadoresAtribuicao", "OperadoresAtribuicao\OperadoresAtribuicao.csproj", "{A723873E-B49F-4D2F-8091-EAF494A412F3}"
EndProject
Project("{9A19103F-16F7-4668-BE54-9A1E7A4F7556}") = "OperadoresCondicionais", "OperadoresCondicionais\OperadoresCondicionais.csproj", "{26D974FB-A8B1-485A-8ECE-4EA3D254FB89}"
EndProject
Project("{9A19103F-16F7-4668-BE54-9A1E7A4F7556}") = "OperadoresLogicos", "OperadoresLogicos\OperadoresLogicos.csproj", "{793B8459-281F-40DA-B03C-FBAD86B2FCAD}"
EndProject
Project("{9A19103F-16F7-4668-BE54-9A1E7A4F7556}") = "OperadoresAritmeticos_ClasseMath", "OperadoresAritmeticos_ClasseMath\OperadoresAritmeticos_ClasseMath.csproj", "{8FAA805F-3C24-44B6-8CAF-32FEC7B52420}"
EndProject
Project("{9A19103F-16F7-4668-BE54-9A1E7A4F7556}") = "EstruturasDeRepeticao", "EstruturasDeRepeticao\EstruturasDeRepeticao.csproj", "{5C5F7263-A364-4F8B-8958-9E1447709525}"
EndProject
Project("{FAE04EC0-301F-11D3-BF4B-00C04F79EFBC}") = "MenuInterativo", "MenuInterativo\MenuInterativo.csproj", "{4483E1DA-652D-43D0-A1D5-AE2BA2B0C1BE}"
EndProject
Global
	GlobalSection(SolutionConfigurationPlatforms) = preSolution
		Debug|Any CPU = Debug|Any CPU
		Release|Any CPU = Release|Any CPU
	EndGlobalSection
	GlobalSection(ProjectConfigurationPlatforms) = postSolution
		{60D23EA3-5E6C-4C67-911B-EB49B78E73F3}.Debug|Any CPU.ActiveCfg = Debug|Any CPU
		{60D23EA3-5E6C-4C67-911B-EB49B78E73F3}.Debug|Any CPU.Build.0 = Debug|Any CPU
		{60D23EA3-5E6C-4C67-911B-EB49B78E73F3}.Release|Any CPU.ActiveCfg = Release|Any CPU
		{60D23EA3-5E6C-4C67-911B-EB49B78E73F3}.Release|Any CPU.Build.0 = Release|Any CPU
		{4BD45C9E-E604-4794-94DD-61DBEE07C160}.Debug|Any CPU.ActiveCfg = Debug|Any CPU
		{4BD45C9E-E604-4794-94DD-61DBEE07C160}.Debug|Any CPU.Build.0 = Debug|Any CPU
		{4BD45C9E-E604-4794-94DD-61DBEE07C160}.Release|Any CPU.ActiveCfg = Release|Any CPU
		{4BD45C9E-E604-4794-94DD-61DBEE07C160}.Release|Any CPU.Build.0 = Release|Any CPU
		{A723873E-B49F-4D2F-8091-EAF494A412F3}.Debug|Any CPU.ActiveCfg = Debug|Any CPU
		{A723873E-B49F-4D2F-8091-EAF494A412F3}.Debug|Any CPU.Build.0 = Debug|Any CPU
		{A723873E-B49F-4D2F-8091-EAF494A412F3}.Release|Any CPU.ActiveCfg = Release|Any CPU
		{A723873E-B49F-4D2F-8091-EAF494A412F3}.Release|Any CPU.Build.0 = Release|Any CPU
		{26D974FB-A8B1-485A-8ECE-4EA3D254FB89}.Debug|Any CPU.ActiveCfg = Debug|Any CPU
		{26D974FB-A8B1-485A-8ECE-4EA3D254FB89}.Debug|Any CPU.Build.0 = Debug|Any CPU
		{26D974FB-A8B1-485A-8ECE-4EA3D254FB89}.Release|Any CPU.ActiveCfg = Release|Any CPU
		{26D974FB-A8B1-485A-8ECE-4EA3D254FB89}.Release|Any CPU.Build.0 = Release|Any CPU
		{793B8459-281F-40DA-B03C-FBAD86B2FCAD}.Debug|Any CPU.ActiveCfg = Debug|Any CPU
		{793B8459-281F-40DA-B03C-FBAD86B2FCAD}.Debug|Any CPU.Build.0 = Debug|Any CPU
		{793B8459-281F-40DA-B03C-FBAD86B2FCAD}.Release|Any CPU.ActiveCfg = Release|Any CPU
		{793B8459-281F-40DA-B03C-FBAD86B2FCAD}.Release|Any CPU.Build.0 = Release|Any CPU
		{8FAA805F-3C24-44B6-8CAF-32FEC7B52420}.Debug|Any CPU.ActiveCfg = Debug|Any CPU
		{8FAA805F-3C24-44B6-8CAF-32FEC7B52420}.Debug|Any CPU.Build.0 = Debug|Any CPU
		{8FAA805F-3C24-44B6-8CAF-32FEC7B52420}.Release|Any CPU.ActiveCfg = Release|Any CPU
		{8FAA805F-3C24-44B6-8CAF-32FEC7B52420}.Release|Any CPU.Build.0 = Release|Any CPU
		{5C5F7263-A364-4F8B-8958-9E1447709525}.Debug|Any CPU.ActiveCfg = Debug|Any CPU
		{5C5F7263-A364-4F8B-8958-9E1447709525}.Debug|Any CPU.Build.0 = Debug|Any CPU
		{5C5F7263-A364-4F8B-8958-9E1447709525}.Release|Any CPU.ActiveCfg = Release|Any CPU
		{5C5F7263-A364-4F8B-8958-9E1447709525}.Release|Any CPU.Build.0 = Release|Any CPU
		{4483E1DA-652D-43D0-A1D5-AE2BA2B0C1BE}.Debug|Any CPU.ActiveCfg = Debug|Any CPU
		{4483E1DA-652D-43D0-A1D5-AE2BA2B0C1BE}.Debug|Any CPU.Build.0 = Debug|Any CPU
		{4483E1DA-652D-43D0-A1D5-AE2BA2B0C1BE}.Release|Any CPU.ActiveCfg = Release|Any CPU
		{4483E1DA-652D-43D0-A1D5-AE2BA2B0C1BE}.Release|Any CPU.Build.0 = Release|Any CPU
	EndGlobalSection
	GlobalSection(SolutionProperties) = preSolution
		HideSolutionNode = FALSE
	EndGlobalSection
	GlobalSection(NestedProjects) = preSolution
		{60D23EA3-5E6C-4C67-911B-EB49B78E73F3} = {2880BD78-053A-48D1-8C87-3A6178B22CAC}
		{4BD45C9E-E604-4794-94DD-61DBEE07C160} = {2880BD78-053A-48D1-8C87-3A6178B22CAC}
		{A723873E-B49F-4D2F-8091-EAF494A412F3} = {2880BD78-053A-48D1-8C87-3A6178B22CAC}
		{26D974FB-A8B1-485A-8ECE-4EA3D254FB89} = {2880BD78-053A-48D1-8C87-3A6178B22CAC}
		{793B8459-281F-40DA-B03C-FBAD86B2FCAD} = {2880BD78-053A-48D1-8C87-3A6178B22CAC}
		{8FAA805F-3C24-44B6-8CAF-32FEC7B52420} = {2880BD78-053A-48D1-8C87-3A6178B22CAC}
		{5C5F7263-A364-4F8B-8958-9E1447709525} = {2880BD78-053A-48D1-8C87-3A6178B22CAC}
		{4483E1DA-652D-43D0-A1D5-AE2BA2B0C1BE} = {2880BD78-053A-48D1-8C87-3A6178B22CAC}
	EndGlobalSection
	GlobalSection(ExtensibilityGlobals) = postSolution
		SolutionGuid = {51E2F15E-58D3-4BCD-ADBD-A62D3FA6AFD8}
	EndGlobalSection
EndGlobal
